
Microsoft Visual Studio Solution File, Format Version 12.00
# Visual Studio Version 16
VisualStudioVersion = 16.0.808.3
MinimumVisualStudioVersion = 10.0.40219.1
Project("{FAE04EC0-301F-11D3-BF4B-00C04F79EFBC}") = "01.ReverseStrings", "01.ReverseStrings\01.ReverseStrings.csproj", "{46436C08-A248-4A6B-AEE5-13C40FFE5AB8}"
EndProject
Project("{FAE04EC0-301F-11D3-BF4B-00C04F79EFBC}") = "02.StackSum", "02.StackSum\02.StackSum.csproj", "{814CA5CA-6CA4-4814-B31C-7048411468C1}"
EndProject
Project("{FAE04EC0-301F-11D3-BF4B-00C04F79EFBC}") = "03.SimpleCalculator", "03.SimpleCalculator\03.SimpleCalculator.csproj", "{E0626D6F-355E-4EF3-9852-14994E15B0AB}"
EndProject
Global
	GlobalSection(SolutionConfigurationPlatforms) = preSolution
		Debug|Any CPU = Debug|Any CPU
		Release|Any CPU = Release|Any CPU
	EndGlobalSection
	GlobalSection(ProjectConfigurationPlatforms) = postSolution
		{46436C08-A248-4A6B-AEE5-13C40FFE5AB8}.Debug|Any CPU.ActiveCfg = Debug|Any CPU
		{46436C08-A248-4A6B-AEE5-13C40FFE5AB8}.Debug|Any CPU.Build.0 = Debug|Any CPU
		{46436C08-A248-4A6B-AEE5-13C40FFE5AB8}.Release|Any CPU.ActiveCfg = Release|Any CPU
		{46436C08-A248-4A6B-AEE5-13C40FFE5AB8}.Release|Any CPU.Build.0 = Release|Any CPU
		{814CA5CA-6CA4-4814-B31C-7048411468C1}.Debug|Any CPU.ActiveCfg = Debug|Any CPU
		{814CA5CA-6CA4-4814-B31C-7048411468C1}.Debug|Any CPU.Build.0 = Debug|Any CPU
		{814CA5CA-6CA4-4814-B31C-7048411468C1}.Release|Any CPU.ActiveCfg = Release|Any CPU
		{814CA5CA-6CA4-4814-B31C-7048411468C1}.Release|Any CPU.Build.0 = Release|Any CPU
		{E0626D6F-355E-4EF3-9852-14994E15B0AB}.Debug|Any CPU.ActiveCfg = Debug|Any CPU
		{E0626D6F-355E-4EF3-9852-14994E15B0AB}.Debug|Any CPU.Build.0 = Debug|Any CPU
		{E0626D6F-355E-4EF3-9852-14994E15B0AB}.Release|Any CPU.ActiveCfg = Release|Any CPU
		{E0626D6F-355E-4EF3-9852-14994E15B0AB}.Release|Any CPU.Build.0 = Release|Any CPU
	EndGlobalSection
	GlobalSection(SolutionProperties) = preSolution
		HideSolutionNode = FALSE
	EndGlobalSection
	GlobalSection(ExtensibilityGlobals) = postSolution
		SolutionGuid = {3E4FF981-FB0C-42DB-B358-E1A869F9CBAA}
	EndGlobalSection
EndGlobal
