
Microsoft Visual Studio Solution File, Format Version 12.00
# Visual Studio Version 16
VisualStudioVersion = 16.0.808.10
MinimumVisualStudioVersion = 10.0.40219.1
Project("{FAE04EC0-301F-11D3-BF4B-00C04F79EFBC}") = "01.ReverseStrings", "01.ReverseStrings\01.ReverseStrings.csproj", "{D47AC3E6-31FC-4ABE-9CCB-777E4604B6A4}"
EndProject
Project("{FAE04EC0-301F-11D3-BF4B-00C04F79EFBC}") = "02.RepeatStrings", "02.RepeatStrings\02.RepeatStrings.csproj", "{C7C29CF3-0EFF-402A-A5B7-1E7A56A391CE}"
EndProject
Project("{FAE04EC0-301F-11D3-BF4B-00C04F79EFBC}") = "03.Substring", "03.Substring\03.Substring.csproj", "{538E6ACD-1586-4F10-BFDA-F62472B17393}"
EndProject
Project("{FAE04EC0-301F-11D3-BF4B-00C04F79EFBC}") = "04.TextFilter", "04.TextFilter\04.TextFilter.csproj", "{6C0A98C6-BFC6-4FC5-815A-47510306418C}"
EndProject
Project("{FAE04EC0-301F-11D3-BF4B-00C04F79EFBC}") = "05.DigitsLettersAndOther", "05.DigitsLettersAndOther\05.DigitsLettersAndOther.csproj", "{236AEEDB-1BEB-42CB-94BD-8667A31F2624}"
EndProject
Global
	GlobalSection(SolutionConfigurationPlatforms) = preSolution
		Debug|anycpu = Debug|anycpu
		Release|anycpu = Release|anycpu
	EndGlobalSection
	GlobalSection(ProjectConfigurationPlatforms) = postSolution
		{D47AC3E6-31FC-4ABE-9CCB-777E4604B6A4}.Debug|anycpu.ActiveCfg = Debug|anycpu
		{D47AC3E6-31FC-4ABE-9CCB-777E4604B6A4}.Debug|anycpu.Build.0 = Debug|anycpu
		{D47AC3E6-31FC-4ABE-9CCB-777E4604B6A4}.Release|anycpu.ActiveCfg = Release|anycpu
		{D47AC3E6-31FC-4ABE-9CCB-777E4604B6A4}.Release|anycpu.Build.0 = Release|anycpu
		{C7C29CF3-0EFF-402A-A5B7-1E7A56A391CE}.Debug|anycpu.ActiveCfg = Debug|anycpu
		{C7C29CF3-0EFF-402A-A5B7-1E7A56A391CE}.Debug|anycpu.Build.0 = Debug|anycpu
		{C7C29CF3-0EFF-402A-A5B7-1E7A56A391CE}.Release|anycpu.ActiveCfg = Release|anycpu
		{C7C29CF3-0EFF-402A-A5B7-1E7A56A391CE}.Release|anycpu.Build.0 = Release|anycpu
		{538E6ACD-1586-4F10-BFDA-F62472B17393}.Debug|anycpu.ActiveCfg = Debug|anycpu
		{538E6ACD-1586-4F10-BFDA-F62472B17393}.Debug|anycpu.Build.0 = Debug|anycpu
		{538E6ACD-1586-4F10-BFDA-F62472B17393}.Release|anycpu.ActiveCfg = Release|anycpu
		{538E6ACD-1586-4F10-BFDA-F62472B17393}.Release|anycpu.Build.0 = Release|anycpu
		{6C0A98C6-BFC6-4FC5-815A-47510306418C}.Debug|anycpu.ActiveCfg = Debug|anycpu
		{6C0A98C6-BFC6-4FC5-815A-47510306418C}.Debug|anycpu.Build.0 = Debug|anycpu
		{6C0A98C6-BFC6-4FC5-815A-47510306418C}.Release|anycpu.ActiveCfg = Release|anycpu
		{6C0A98C6-BFC6-4FC5-815A-47510306418C}.Release|anycpu.Build.0 = Release|anycpu
		{236AEEDB-1BEB-42CB-94BD-8667A31F2624}.Debug|anycpu.ActiveCfg = Debug|anycpu
		{236AEEDB-1BEB-42CB-94BD-8667A31F2624}.Debug|anycpu.Build.0 = Debug|anycpu
		{236AEEDB-1BEB-42CB-94BD-8667A31F2624}.Release|anycpu.ActiveCfg = Release|anycpu
		{236AEEDB-1BEB-42CB-94BD-8667A31F2624}.Release|anycpu.Build.0 = Release|anycpu
	EndGlobalSection
	GlobalSection(SolutionProperties) = preSolution
		HideSolutionNode = FALSE
	EndGlobalSection
	GlobalSection(ExtensibilityGlobals) = postSolution
		SolutionGuid = {E3C24624-9804-4B28-A5A1-57463EB33955}
	EndGlobalSection
EndGlobal
