
Microsoft Visual Studio Solution File, Format Version 12.00
# Visual Studio Version 16
VisualStudioVersion = 16.0.810.6
MinimumVisualStudioVersion = 10.0.40219.1
Project("{FAE04EC0-301F-11D3-BF4B-00C04F79EFBC}") = "01.TestAxe", "01.TestAxe\01.TestAxe.csproj", "{BE806F15-0856-4D00-99FE-BF2FF9293AF2}"
EndProject
Global
	GlobalSection(SolutionConfigurationPlatforms) = preSolution
		Debug|Any CPU = Debug|Any CPU
		Release|Any CPU = Release|Any CPU
	EndGlobalSection
	GlobalSection(ProjectConfigurationPlatforms) = postSolution
		{BE806F15-0856-4D00-99FE-BF2FF9293AF2}.Debug|Any CPU.ActiveCfg = Debug|Any CPU
		{BE806F15-0856-4D00-99FE-BF2FF9293AF2}.Debug|Any CPU.Build.0 = Debug|Any CPU
		{BE806F15-0856-4D00-99FE-BF2FF9293AF2}.Release|Any CPU.ActiveCfg = Release|Any CPU
		{BE806F15-0856-4D00-99FE-BF2FF9293AF2}.Release|Any CPU.Build.0 = Release|Any CPU
	EndGlobalSection
	GlobalSection(SolutionProperties) = preSolution
		HideSolutionNode = FALSE
	EndGlobalSection
	GlobalSection(ExtensibilityGlobals) = postSolution
		SolutionGuid = {C8E0EBEA-7E25-4F62-A32D-2E308BC941CF}
	EndGlobalSection
EndGlobal
