
Microsoft Visual Studio Solution File, Format Version 12.00
# Visual Studio Version 16
VisualStudioVersion = 16.0.810.3
MinimumVisualStudioVersion = 10.0.40219.1
Project("{FAE04EC0-301F-11D3-BF4B-00C04F79EFBC}") = "01.Masterchef", "01.Problem\01.Masterchef.csproj", "{EA5E6D3C-3530-4344-A1B0-F376552A6018}"
EndProject
Project("{FAE04EC0-301F-11D3-BF4B-00C04F79EFBC}") = "02.Survivor", "02.Problem\02.Survivor.csproj", "{F3EA9171-6A15-40FC-ACB0-A2114FAAE709}"
EndProject
Project("{FAE04EC0-301F-11D3-BF4B-00C04F79EFBC}") = "03.Problem", "03.Problem\03.Problem.csproj", "{4DEA0A0F-386E-4B01-928E-B828F22F2234}"
EndProject
Global
	GlobalSection(SolutionConfigurationPlatforms) = preSolution
		Debug|Any CPU = Debug|Any CPU
		Release|Any CPU = Release|Any CPU
	EndGlobalSection
	GlobalSection(ProjectConfigurationPlatforms) = postSolution
		{EA5E6D3C-3530-4344-A1B0-F376552A6018}.Debug|Any CPU.ActiveCfg = Debug|Any CPU
		{EA5E6D3C-3530-4344-A1B0-F376552A6018}.Debug|Any CPU.Build.0 = Debug|Any CPU
		{EA5E6D3C-3530-4344-A1B0-F376552A6018}.Release|Any CPU.ActiveCfg = Release|Any CPU
		{EA5E6D3C-3530-4344-A1B0-F376552A6018}.Release|Any CPU.Build.0 = Release|Any CPU
		{F3EA9171-6A15-40FC-ACB0-A2114FAAE709}.Debug|Any CPU.ActiveCfg = Debug|Any CPU
		{F3EA9171-6A15-40FC-ACB0-A2114FAAE709}.Debug|Any CPU.Build.0 = Debug|Any CPU
		{F3EA9171-6A15-40FC-ACB0-A2114FAAE709}.Release|Any CPU.ActiveCfg = Release|Any CPU
		{F3EA9171-6A15-40FC-ACB0-A2114FAAE709}.Release|Any CPU.Build.0 = Release|Any CPU
		{4DEA0A0F-386E-4B01-928E-B828F22F2234}.Debug|Any CPU.ActiveCfg = Debug|Any CPU
		{4DEA0A0F-386E-4B01-928E-B828F22F2234}.Debug|Any CPU.Build.0 = Debug|Any CPU
		{4DEA0A0F-386E-4B01-928E-B828F22F2234}.Release|Any CPU.ActiveCfg = Release|Any CPU
		{4DEA0A0F-386E-4B01-928E-B828F22F2234}.Release|Any CPU.Build.0 = Release|Any CPU
	EndGlobalSection
	GlobalSection(SolutionProperties) = preSolution
		HideSolutionNode = FALSE
	EndGlobalSection
	GlobalSection(ExtensibilityGlobals) = postSolution
		SolutionGuid = {F71E923E-3C84-44FA-9E66-0971DF8D8581}
	EndGlobalSection
EndGlobal
