
Microsoft Visual Studio Solution File, Format Version 12.00
# Visual Studio 15
Project("{FAE04EC0-301F-11D3-BF4B-00C04F79EFBC}") = "01.CountRealNumbers", "01.CountRealNumbers\01.CountRealNumbers.csproj", "{E3B25CE6-12C0-4627-A7AB-66A9642B6AA2}"
EndProject
Project("{FAE04EC0-301F-11D3-BF4B-00C04F79EFBC}") = "01.Exercise", "01.Exercise\01.Exercise.csproj", "{EAC84C42-E033-450B-A189-CE0EF7AC00B2}"
EndProject
Global
	GlobalSection(SolutionConfigurationPlatforms) = preSolution
		Debug|Any CPU = Debug|Any CPU
		Release|Any CPU = Release|Any CPU
	EndGlobalSection
	GlobalSection(ProjectConfigurationPlatforms) = postSolution
		{E3B25CE6-12C0-4627-A7AB-66A9642B6AA2}.Debug|Any CPU.ActiveCfg = Debug|Any CPU
		{E3B25CE6-12C0-4627-A7AB-66A9642B6AA2}.Debug|Any CPU.Build.0 = Debug|Any CPU
		{E3B25CE6-12C0-4627-A7AB-66A9642B6AA2}.Release|Any CPU.ActiveCfg = Release|Any CPU
		{E3B25CE6-12C0-4627-A7AB-66A9642B6AA2}.Release|Any CPU.Build.0 = Release|Any CPU
		{EAC84C42-E033-450B-A189-CE0EF7AC00B2}.Debug|Any CPU.ActiveCfg = Debug|Any CPU
		{EAC84C42-E033-450B-A189-CE0EF7AC00B2}.Debug|Any CPU.Build.0 = Debug|Any CPU
		{EAC84C42-E033-450B-A189-CE0EF7AC00B2}.Release|Any CPU.ActiveCfg = Release|Any CPU
		{EAC84C42-E033-450B-A189-CE0EF7AC00B2}.Release|Any CPU.Build.0 = Release|Any CPU
	EndGlobalSection
EndGlobal
