
Microsoft Visual Studio Solution File, Format Version 12.00
# Visual Studio Version 16
VisualStudioVersion = 16.0.810.0
MinimumVisualStudioVersion = 10.0.40219.1
Project("{FAE04EC0-301F-11D3-BF4B-00C04F79EFBC}") = "01.FlowerWreath", "01.FlowerWreath\01.FlowerWreath.csproj", "{B2116EC7-A67B-48FF-BEA8-1B272E2A1EE5}"
EndProject
Project("{FAE04EC0-301F-11D3-BF4B-00C04F79EFBC}") = "02.Bee", "02.Bee\02.Bee.csproj", "{90FB3BF9-3996-4A9D-A7EB-E8EB6289EB68}"
EndProject
Global
	GlobalSection(SolutionConfigurationPlatforms) = preSolution
		Debug|Any CPU = Debug|Any CPU
		Release|Any CPU = Release|Any CPU
	EndGlobalSection
	GlobalSection(ProjectConfigurationPlatforms) = postSolution
		{B2116EC7-A67B-48FF-BEA8-1B272E2A1EE5}.Debug|Any CPU.ActiveCfg = Debug|Any CPU
		{B2116EC7-A67B-48FF-BEA8-1B272E2A1EE5}.Debug|Any CPU.Build.0 = Debug|Any CPU
		{B2116EC7-A67B-48FF-BEA8-1B272E2A1EE5}.Release|Any CPU.ActiveCfg = Release|Any CPU
		{B2116EC7-A67B-48FF-BEA8-1B272E2A1EE5}.Release|Any CPU.Build.0 = Release|Any CPU
		{90FB3BF9-3996-4A9D-A7EB-E8EB6289EB68}.Debug|Any CPU.ActiveCfg = Debug|Any CPU
		{90FB3BF9-3996-4A9D-A7EB-E8EB6289EB68}.Debug|Any CPU.Build.0 = Debug|Any CPU
		{90FB3BF9-3996-4A9D-A7EB-E8EB6289EB68}.Release|Any CPU.ActiveCfg = Release|Any CPU
		{90FB3BF9-3996-4A9D-A7EB-E8EB6289EB68}.Release|Any CPU.Build.0 = Release|Any CPU
	EndGlobalSection
	GlobalSection(SolutionProperties) = preSolution
		HideSolutionNode = FALSE
	EndGlobalSection
	GlobalSection(ExtensibilityGlobals) = postSolution
		SolutionGuid = {96CF0484-72F8-447C-92E2-41ED056EA6EC}
	EndGlobalSection
EndGlobal
