
Microsoft Visual Studio Solution File, Format Version 12.00
# Visual Studio Version 16
VisualStudioVersion = 16.0.808.3
MinimumVisualStudioVersion = 10.0.40219.1
Project("{FAE04EC0-301F-11D3-BF4B-00C04F79EFBC}") = "MidExamTest", "MidExamTest\MidExamTest.csproj", "{1F8E861C-FF59-44B9-BDFA-CC13153682A0}"
EndProject
Global
	GlobalSection(SolutionConfigurationPlatforms) = preSolution
		Debug|Any CPU = Debug|Any CPU
		Release|Any CPU = Release|Any CPU
	EndGlobalSection
	GlobalSection(ProjectConfigurationPlatforms) = postSolution
		{1F8E861C-FF59-44B9-BDFA-CC13153682A0}.Debug|Any CPU.ActiveCfg = Debug|Any CPU
		{1F8E861C-FF59-44B9-BDFA-CC13153682A0}.Debug|Any CPU.Build.0 = Debug|Any CPU
		{1F8E861C-FF59-44B9-BDFA-CC13153682A0}.Release|Any CPU.ActiveCfg = Release|Any CPU
		{1F8E861C-FF59-44B9-BDFA-CC13153682A0}.Release|Any CPU.Build.0 = Release|Any CPU
	EndGlobalSection
	GlobalSection(SolutionProperties) = preSolution
		HideSolutionNode = FALSE
	EndGlobalSection
	GlobalSection(ExtensibilityGlobals) = postSolution
		SolutionGuid = {B8996091-0486-4E48-842F-E3BD87404FEC}
	EndGlobalSection
EndGlobal
