
Microsoft Visual Studio Solution File, Format Version 12.00
# Visual Studio 15
Project("{FAE04EC0-301F-11D3-BF4B-00C04F79EFBC}") = "05.SortNumbers", "05.SortNumbers.csproj", "{0AE5EA6F-2498-47DC-B43A-9A12137E65F2}"
EndProject
Project("{FAE04EC0-301F-11D3-BF4B-00C04F79EFBC}") = "06.SquareNumbers", "06.SquareNumbers\06.SquareNumbers.csproj", "{0C086E91-1B2E-47FD-85F0-8780D82719DD}"
EndProject
Global
	GlobalSection(SolutionConfigurationPlatforms) = preSolution
		Debug|Any CPU = Debug|Any CPU
		Release|Any CPU = Release|Any CPU
	EndGlobalSection
	GlobalSection(ProjectConfigurationPlatforms) = postSolution
		{0AE5EA6F-2498-47DC-B43A-9A12137E65F2}.Debug|Any CPU.ActiveCfg = Debug|Any CPU
		{0AE5EA6F-2498-47DC-B43A-9A12137E65F2}.Debug|Any CPU.Build.0 = Debug|Any CPU
		{0AE5EA6F-2498-47DC-B43A-9A12137E65F2}.Release|Any CPU.ActiveCfg = Release|Any CPU
		{0AE5EA6F-2498-47DC-B43A-9A12137E65F2}.Release|Any CPU.Build.0 = Release|Any CPU
		{0C086E91-1B2E-47FD-85F0-8780D82719DD}.Debug|Any CPU.ActiveCfg = Debug|Any CPU
		{0C086E91-1B2E-47FD-85F0-8780D82719DD}.Debug|Any CPU.Build.0 = Debug|Any CPU
		{0C086E91-1B2E-47FD-85F0-8780D82719DD}.Release|Any CPU.ActiveCfg = Release|Any CPU
		{0C086E91-1B2E-47FD-85F0-8780D82719DD}.Release|Any CPU.Build.0 = Release|Any CPU
	EndGlobalSection
EndGlobal
