
Microsoft Visual Studio Solution File, Format Version 12.00
# Visual Studio Version 16
VisualStudioVersion = 16.0.810.4
MinimumVisualStudioVersion = 10.0.40219.1
Project("{FAE04EC0-301F-11D3-BF4B-00C04F79EFBC}") = "01.Shapes", "01.Shapes\01.Shapes.csproj", "{14BF75C8-72E0-4C99-8A99-EC76E5073065}"
EndProject
Global
	GlobalSection(SolutionConfigurationPlatforms) = preSolution
		Debug|Any CPU = Debug|Any CPU
		Release|Any CPU = Release|Any CPU
	EndGlobalSection
	GlobalSection(ProjectConfigurationPlatforms) = postSolution
		{14BF75C8-72E0-4C99-8A99-EC76E5073065}.Debug|Any CPU.ActiveCfg = Debug|Any CPU
		{14BF75C8-72E0-4C99-8A99-EC76E5073065}.Debug|Any CPU.Build.0 = Debug|Any CPU
		{14BF75C8-72E0-4C99-8A99-EC76E5073065}.Release|Any CPU.ActiveCfg = Release|Any CPU
		{14BF75C8-72E0-4C99-8A99-EC76E5073065}.Release|Any CPU.Build.0 = Release|Any CPU
	EndGlobalSection
	GlobalSection(SolutionProperties) = preSolution
		HideSolutionNode = FALSE
	EndGlobalSection
	GlobalSection(ExtensibilityGlobals) = postSolution
		SolutionGuid = {BCD9EE21-2D26-42D5-AE2A-64188003172D}
	EndGlobalSection
EndGlobal
