
Microsoft Visual Studio Solution File, Format Version 12.00
# Visual Studio Version 16
VisualStudioVersion = 16.0.810.4
MinimumVisualStudioVersion = 10.0.40219.1
Project("{FAE04EC0-301F-11D3-BF4B-00C04F79EFBC}") = "01.", "01.\01..csproj", "{FED1B0FF-E91C-4FBE-A0C3-EA5A93E42319}"
EndProject
Global
	GlobalSection(SolutionConfigurationPlatforms) = preSolution
		Debug|Any CPU = Debug|Any CPU
		Release|Any CPU = Release|Any CPU
	EndGlobalSection
	GlobalSection(ProjectConfigurationPlatforms) = postSolution
		{FED1B0FF-E91C-4FBE-A0C3-EA5A93E42319}.Debug|Any CPU.ActiveCfg = Debug|Any CPU
		{FED1B0FF-E91C-4FBE-A0C3-EA5A93E42319}.Debug|Any CPU.Build.0 = Debug|Any CPU
		{FED1B0FF-E91C-4FBE-A0C3-EA5A93E42319}.Release|Any CPU.ActiveCfg = Release|Any CPU
		{FED1B0FF-E91C-4FBE-A0C3-EA5A93E42319}.Release|Any CPU.Build.0 = Release|Any CPU
	EndGlobalSection
	GlobalSection(SolutionProperties) = preSolution
		HideSolutionNode = FALSE
	EndGlobalSection
	GlobalSection(ExtensibilityGlobals) = postSolution
		SolutionGuid = {869320C5-1095-4BB6-8AF2-CB9E3AD6BE99}
	EndGlobalSection
EndGlobal
